
Microsoft Visual Studio Solution File, Format Version 12.00
# Visual Studio Version 16
VisualStudioVersion = 16.0.30104.148
MinimumVisualStudioVersion = 10.0.40219.1
Project("{888888A0-9F3D-457C-B088-3A5042F75D52}") = "MedicalDataAugmentationTool-master_2", "MedicalDataAugmentationTool-master_2.pyproj", "{EE2BC28C-6E05-4097-B647-047C7902FF29}"
EndProject
Global
	GlobalSection(SolutionConfigurationPlatforms) = preSolution
		Debug|Any CPU = Debug|Any CPU
		Release|Any CPU = Release|Any CPU
	EndGlobalSection
	GlobalSection(ProjectConfigurationPlatforms) = postSolution
		{EE2BC28C-6E05-4097-B647-047C7902FF29}.Debug|Any CPU.ActiveCfg = Debug|Any CPU
		{EE2BC28C-6E05-4097-B647-047C7902FF29}.Release|Any CPU.ActiveCfg = Release|Any CPU
	EndGlobalSection
	GlobalSection(SolutionProperties) = preSolution
		HideSolutionNode = FALSE
	EndGlobalSection
	GlobalSection(ExtensibilityGlobals) = postSolution
		SolutionGuid = {03D3282F-3881-4006-AFF7-41932CBB84F0}
	EndGlobalSection
EndGlobal
